
Microsoft Visual Studio Solution File, Format Version 12.00
# Visual Studio Version 18
VisualStudioVersion = 18.1.11304.174
MinimumVisualStudioVersion = 10.0.40219.1
Project("{2150E333-8FDC-42A3-9474-1A3956D46DE8}") = "Base", "Base", "{5A3373EB-AB17-4713-85EF-071F9AB50EFA}"
EndProject
Project("{2150E333-8FDC-42A3-9474-1A3956D46DE8}") = "Interface", "Interface", "{3D73906E-1336-48AD-B5FA-34B251926611}"
EndProject
Project("{2150E333-8FDC-42A3-9474-1A3956D46DE8}") = "Worker", "Worker", "{2F8AA1CC-245F-4240-B392-B4B8E128E319}"
EndProject
Project("{9A19103F-16F7-4668-BE54-9A1E7A4F7556}") = "Automation.Plugins", "Automation.Plugins\Automation.Plugins.csproj", "{FDD42281-CB13-4EFB-81A2-E651DE67EBD4}"
EndProject
Project("{9A19103F-16F7-4668-BE54-9A1E7A4F7556}") = "Automation.Shared", "Automation.Shared\Automation.Shared.csproj", "{A07395ED-D082-46CC-B614-656178B3EF8E}"
EndProject
Project("{2150E333-8FDC-42A3-9474-1A3956D46DE8}") = "Server", "Server", "{128D718D-1656-4F30-98A5-3764D87E87C4}"
EndProject
Project("{9A19103F-16F7-4668-BE54-9A1E7A4F7556}") = "Automation.Supervisor.Api", "Automation.Supervisor.Api\Automation.Supervisor.Api.csproj", "{AE24B4FF-9EEE-4C94-8489-2F3FE3471092}"
EndProject
Project("{E53339B2-1760-4266-BCC7-CA923CBCF16C}") = "docker-compose", "docker-compose.dcproj", "{52EB3A24-36F7-448B-A1CB-6FCC6ABF790A}"
EndProject
Project("{9A19103F-16F7-4668-BE54-9A1E7A4F7556}") = "Automation.Realtime", "Automation.Realtime\Automation.Realtime.csproj", "{5D94A06D-4DA7-4489-9909-4573202B1805}"
EndProject
Project("{9A19103F-16F7-4668-BE54-9A1E7A4F7556}") = "Automation.Worker", "Automation.Worker\Automation.Worker.csproj", "{9601ADEA-958A-4710-86CD-1D398A365595}"
EndProject
Project("{9A19103F-16F7-4668-BE54-9A1E7A4F7556}") = "Automation.Worker.Service", "Automation.Worker.Service\Automation.Worker.Service.csproj", "{4D63C0FD-0817-4AF4-8C53-D1BC035B58FC}"
EndProject
Project("{2150E333-8FDC-42A3-9474-1A3956D46DE8}") = "Tests", "Tests", "{02EA681E-C7D8-13C7-8484-4AC65E1B71E8}"
EndProject
Project("{FAE04EC0-301F-11D3-BF4B-00C04F79EFBC}") = "Automation.Worker.Console", "Automation.Worker.Console\Automation.Worker.Console.csproj", "{2EB7B16E-3567-4EE9-B220-B2CA1D9B1EB2}"
EndProject
Project("{FAE04EC0-301F-11D3-BF4B-00C04F79EFBC}") = "Automation.Plugins.Shared", "Automation.Plugins.Shared\Automation.Plugins.Shared.csproj", "{53DBD48F-C24F-4DB4-B989-6B9D1E60D453}"
EndProject
Global
	GlobalSection(SolutionConfigurationPlatforms) = preSolution
		Debug|Any CPU = Debug|Any CPU
		Release|Any CPU = Release|Any CPU
	EndGlobalSection
	GlobalSection(ProjectConfigurationPlatforms) = postSolution
		{FDD42281-CB13-4EFB-81A2-E651DE67EBD4}.Debug|Any CPU.ActiveCfg = Debug|Any CPU
		{FDD42281-CB13-4EFB-81A2-E651DE67EBD4}.Debug|Any CPU.Build.0 = Debug|Any CPU
		{FDD42281-CB13-4EFB-81A2-E651DE67EBD4}.Release|Any CPU.ActiveCfg = Release|Any CPU
		{FDD42281-CB13-4EFB-81A2-E651DE67EBD4}.Release|Any CPU.Build.0 = Release|Any CPU
		{A07395ED-D082-46CC-B614-656178B3EF8E}.Debug|Any CPU.ActiveCfg = Debug|Any CPU
		{A07395ED-D082-46CC-B614-656178B3EF8E}.Debug|Any CPU.Build.0 = Debug|Any CPU
		{A07395ED-D082-46CC-B614-656178B3EF8E}.Release|Any CPU.ActiveCfg = Release|Any CPU
		{A07395ED-D082-46CC-B614-656178B3EF8E}.Release|Any CPU.Build.0 = Release|Any CPU
		{AE24B4FF-9EEE-4C94-8489-2F3FE3471092}.Debug|Any CPU.ActiveCfg = Debug|Any CPU
		{AE24B4FF-9EEE-4C94-8489-2F3FE3471092}.Debug|Any CPU.Build.0 = Debug|Any CPU
		{AE24B4FF-9EEE-4C94-8489-2F3FE3471092}.Release|Any CPU.ActiveCfg = Release|Any CPU
		{AE24B4FF-9EEE-4C94-8489-2F3FE3471092}.Release|Any CPU.Build.0 = Release|Any CPU
		{52EB3A24-36F7-448B-A1CB-6FCC6ABF790A}.Debug|Any CPU.ActiveCfg = Debug|Any CPU
		{52EB3A24-36F7-448B-A1CB-6FCC6ABF790A}.Debug|Any CPU.Build.0 = Debug|Any CPU
		{52EB3A24-36F7-448B-A1CB-6FCC6ABF790A}.Release|Any CPU.ActiveCfg = Release|Any CPU
		{52EB3A24-36F7-448B-A1CB-6FCC6ABF790A}.Release|Any CPU.Build.0 = Release|Any CPU
		{5D94A06D-4DA7-4489-9909-4573202B1805}.Debug|Any CPU.ActiveCfg = Debug|Any CPU
		{5D94A06D-4DA7-4489-9909-4573202B1805}.Debug|Any CPU.Build.0 = Debug|Any CPU
		{5D94A06D-4DA7-4489-9909-4573202B1805}.Release|Any CPU.ActiveCfg = Release|Any CPU
		{5D94A06D-4DA7-4489-9909-4573202B1805}.Release|Any CPU.Build.0 = Release|Any CPU
		{9601ADEA-958A-4710-86CD-1D398A365595}.Debug|Any CPU.ActiveCfg = Debug|Any CPU
		{9601ADEA-958A-4710-86CD-1D398A365595}.Debug|Any CPU.Build.0 = Debug|Any CPU
		{9601ADEA-958A-4710-86CD-1D398A365595}.Release|Any CPU.ActiveCfg = Release|Any CPU
		{9601ADEA-958A-4710-86CD-1D398A365595}.Release|Any CPU.Build.0 = Release|Any CPU
		{4D63C0FD-0817-4AF4-8C53-D1BC035B58FC}.Debug|Any CPU.ActiveCfg = Debug|Any CPU
		{4D63C0FD-0817-4AF4-8C53-D1BC035B58FC}.Debug|Any CPU.Build.0 = Debug|Any CPU
		{4D63C0FD-0817-4AF4-8C53-D1BC035B58FC}.Release|Any CPU.ActiveCfg = Release|Any CPU
		{4D63C0FD-0817-4AF4-8C53-D1BC035B58FC}.Release|Any CPU.Build.0 = Release|Any CPU
		{2EB7B16E-3567-4EE9-B220-B2CA1D9B1EB2}.Debug|Any CPU.ActiveCfg = Debug|Any CPU
		{2EB7B16E-3567-4EE9-B220-B2CA1D9B1EB2}.Debug|Any CPU.Build.0 = Debug|Any CPU
		{2EB7B16E-3567-4EE9-B220-B2CA1D9B1EB2}.Release|Any CPU.ActiveCfg = Release|Any CPU
		{2EB7B16E-3567-4EE9-B220-B2CA1D9B1EB2}.Release|Any CPU.Build.0 = Release|Any CPU
		{53DBD48F-C24F-4DB4-B989-6B9D1E60D453}.Debug|Any CPU.ActiveCfg = Debug|Any CPU
		{53DBD48F-C24F-4DB4-B989-6B9D1E60D453}.Debug|Any CPU.Build.0 = Debug|Any CPU
		{53DBD48F-C24F-4DB4-B989-6B9D1E60D453}.Release|Any CPU.ActiveCfg = Release|Any CPU
		{53DBD48F-C24F-4DB4-B989-6B9D1E60D453}.Release|Any CPU.Build.0 = Release|Any CPU
	EndGlobalSection
	GlobalSection(SolutionProperties) = preSolution
		HideSolutionNode = FALSE
	EndGlobalSection
	GlobalSection(NestedProjects) = preSolution
		{FDD42281-CB13-4EFB-81A2-E651DE67EBD4} = {2F8AA1CC-245F-4240-B392-B4B8E128E319}
		{A07395ED-D082-46CC-B614-656178B3EF8E} = {5A3373EB-AB17-4713-85EF-071F9AB50EFA}
		{AE24B4FF-9EEE-4C94-8489-2F3FE3471092} = {128D718D-1656-4F30-98A5-3764D87E87C4}
		{52EB3A24-36F7-448B-A1CB-6FCC6ABF790A} = {128D718D-1656-4F30-98A5-3764D87E87C4}
		{5D94A06D-4DA7-4489-9909-4573202B1805} = {128D718D-1656-4F30-98A5-3764D87E87C4}
		{9601ADEA-958A-4710-86CD-1D398A365595} = {2F8AA1CC-245F-4240-B392-B4B8E128E319}
		{4D63C0FD-0817-4AF4-8C53-D1BC035B58FC} = {128D718D-1656-4F30-98A5-3764D87E87C4}
		{2EB7B16E-3567-4EE9-B220-B2CA1D9B1EB2} = {02EA681E-C7D8-13C7-8484-4AC65E1B71E8}
		{53DBD48F-C24F-4DB4-B989-6B9D1E60D453} = {2F8AA1CC-245F-4240-B392-B4B8E128E319}
	EndGlobalSection
	GlobalSection(ExtensibilityGlobals) = postSolution
		SolutionGuid = {AFEC477D-0D28-4C5A-9622-5F97F806819C}
	EndGlobalSection
	GlobalSection(SharedMSBuildProjectFiles) = preSolution
		Automation.Models\Automation.Models.projitems*{9601adea-958a-4710-86cd-1d398a365595}*SharedItemsImports = 5
	EndGlobalSection
EndGlobal
