
Microsoft Visual Studio Solution File, Format Version 12.00
# Visual Studio Version 17
VisualStudioVersion = 17.9.34723.18
MinimumVisualStudioVersion = 10.0.40219.1
Project("{2150E333-8FDC-42A3-9474-1A3956D46DE8}") = "Base", "Base", "{5A3373EB-AB17-4713-85EF-071F9AB50EFA}"
EndProject
Project("{2150E333-8FDC-42A3-9474-1A3956D46DE8}") = "Interface", "Interface", "{3D73906E-1336-48AD-B5FA-34B251926611}"
EndProject
Project("{9A19103F-16F7-4668-BE54-9A1E7A4F7556}") = "Automation.App", "Automation.App\Automation.App.csproj", "{49316AB7-9056-4BD4-9D39-8672AADA4128}"
EndProject
Project("{2150E333-8FDC-42A3-9474-1A3956D46DE8}") = "Plugins", "Plugins", "{2F8AA1CC-245F-4240-B392-B4B8E128E319}"
EndProject
Project("{9A19103F-16F7-4668-BE54-9A1E7A4F7556}") = "Automation.Plugins", "Automation.Plugins\Automation.Plugins.csproj", "{FDD42281-CB13-4EFB-81A2-E651DE67EBD4}"
EndProject
Project("{9A19103F-16F7-4668-BE54-9A1E7A4F7556}") = "Automation.Plugins.Shared", "Automation.Plugins.Shared\Automation.Plugins.Shared.csproj", "{15238586-7055-4F0F-83CA-4F4265C15615}"
EndProject
Project("{9A19103F-16F7-4668-BE54-9A1E7A4F7556}") = "Automation.Shared", "Automation.Shared\Automation.Shared.csproj", "{A07395ED-D082-46CC-B614-656178B3EF8E}"
EndProject
Project("{9A19103F-16F7-4668-BE54-9A1E7A4F7556}") = "Joufflu.Data", "..\..\wpf-components\Joufflu.Data\Joufflu.Data.csproj", "{2D725B75-E2D2-4AC4-8B92-75C5DBDC2E82}"
EndProject
Project("{9A19103F-16F7-4668-BE54-9A1E7A4F7556}") = "Joufflu.Shared", "..\..\wpf-components\Joufflu.Shared\Joufflu.Shared.csproj", "{FEF94722-65CA-474A-872A-975D54BD31AA}"
EndProject
Project("{2150E333-8FDC-42A3-9474-1A3956D46DE8}") = "Server", "Server", "{128D718D-1656-4F30-98A5-3764D87E87C4}"
EndProject
Project("{9A19103F-16F7-4668-BE54-9A1E7A4F7556}") = "Automation.Supervisor.Api", "Automation.Supervisor.Api\Automation.Supervisor.Api.csproj", "{AE24B4FF-9EEE-4C94-8489-2F3FE3471092}"
EndProject
Project("{9A19103F-16F7-4668-BE54-9A1E7A4F7556}") = "Automation.App.Shared", "Automation.App.Shared\Automation.App.Shared.csproj", "{F455C5BD-19BF-4D15-B53E-4C1A51B3D50A}"
EndProject
Project("{E53339B2-1760-4266-BCC7-CA923CBCF16C}") = "docker-compose", "docker-compose.dcproj", "{52EB3A24-36F7-448B-A1CB-6FCC6ABF790A}"
EndProject
Project("{9A19103F-16F7-4668-BE54-9A1E7A4F7556}") = "Joufflu.Popups", "..\..\wpf-components\Joufflu.Popups\Joufflu.Popups.csproj", "{31B4DD73-CCAB-492E-BA92-947EF3E70ADE}"
EndProject
Project("{9A19103F-16F7-4668-BE54-9A1E7A4F7556}") = "Automation.Dal", "Automation.Dal\Automation.Dal.csproj", "{6B894E7D-4EBE-4BF3-9D80-B1A948D2837F}"
EndProject
Project("{9A19103F-16F7-4668-BE54-9A1E7A4F7556}") = "Joufflu.Inputs", "..\..\wpf-components\Joufflu.Inputs\Joufflu.Inputs.csproj", "{A9F0FC93-2A4A-4543-9195-2322E26AB713}"
EndProject
Project("{9A19103F-16F7-4668-BE54-9A1E7A4F7556}") = "Usuel.Shared", "..\..\wpf-components\Usuel.Shared\Usuel.Shared.csproj", "{D59CC749-83FF-4EEC-8DEF-C5A07C51C602}"
EndProject
Project("{2150E333-8FDC-42A3-9474-1A3956D46DE8}") = "Components", "Components", "{22EF0554-5D93-41BE-A54F-D331C311226C}"
EndProject
Project("{9A19103F-16F7-4668-BE54-9A1E7A4F7556}") = "Automation.Realtime", "Automation.Realtime\Automation.Realtime.csproj", "{5D94A06D-4DA7-4489-9909-4573202B1805}"
EndProject
Project("{9A19103F-16F7-4668-BE54-9A1E7A4F7556}") = "Joufflu.Layouts", "..\..\wpf-components\Joufflu.Layouts\Joufflu.Layouts.csproj", "{43F5C9CF-77B2-4C9A-B18A-11F62027F9C7}"
EndProject
Project("{9A19103F-16F7-4668-BE54-9A1E7A4F7556}") = "Automation.Worker", "Automation.Worker\Automation.Worker.csproj", "{9601ADEA-958A-4710-86CD-1D398A365595}"
EndProject
Project("{9A19103F-16F7-4668-BE54-9A1E7A4F7556}") = "Automation.Worker.Service", "Automation.Worker.Service\Automation.Worker.Service.csproj", "{4D63C0FD-0817-4AF4-8C53-D1BC035B58FC}"
EndProject
Project("{D954291E-2A0B-460D-934E-DC6B0785DB48}") = "Automation.Models", "Automation.Models\Automation.Models.shproj", "{68F873E1-6840-40B0-BB35-B8BAE408B09C}"
EndProject
Project("{2150E333-8FDC-42A3-9474-1A3956D46DE8}") = "Tests", "Tests", "{02EA681E-C7D8-13C7-8484-4AC65E1B71E8}"
EndProject
Project("{FAE04EC0-301F-11D3-BF4B-00C04F79EFBC}") = "Automation.Worker.Tests", "Automation.Worker.Tests\Automation.Worker.Tests.csproj", "{1C594923-7FD9-419E-A7AA-6D3DAC8C4179}"
EndProject
Project("{FAE04EC0-301F-11D3-BF4B-00C04F79EFBC}") = "Automation.Client.Local", "Automation.Client.Local\Automation.Client.Local.csproj", "{80092D78-CA6E-3179-137F-F42DDC74EDDB}"
EndProject
Project("{FAE04EC0-301F-11D3-BF4B-00C04F79EFBC}") = "Automation.Client.Remote", "Automation.Client.Remote\Automation.Client.Remote.csproj", "{43CC1575-6DD0-4DA1-004C-95CF4312A544}"
EndProject
Project("{2150E333-8FDC-42A3-9474-1A3956D46DE8}") = "Client", "Client", "{96D252A8-3FB5-489B-9296-EB8B030C1B4F}"
EndProject
Project("{FAE04EC0-301F-11D3-BF4B-00C04F79EFBC}") = "Usuel.History", "..\..\wpf-components\Usuel.History\Usuel.History.csproj", "{CB987A51-66CE-982C-57AC-891072F9D83F}"
EndProject
Global
	GlobalSection(SolutionConfigurationPlatforms) = preSolution
		Debug|Any CPU = Debug|Any CPU
		Release|Any CPU = Release|Any CPU
	EndGlobalSection
	GlobalSection(ProjectConfigurationPlatforms) = postSolution
		{49316AB7-9056-4BD4-9D39-8672AADA4128}.Debug|Any CPU.ActiveCfg = Debug|Any CPU
		{49316AB7-9056-4BD4-9D39-8672AADA4128}.Debug|Any CPU.Build.0 = Debug|Any CPU
		{49316AB7-9056-4BD4-9D39-8672AADA4128}.Release|Any CPU.ActiveCfg = Release|Any CPU
		{49316AB7-9056-4BD4-9D39-8672AADA4128}.Release|Any CPU.Build.0 = Release|Any CPU
		{FDD42281-CB13-4EFB-81A2-E651DE67EBD4}.Debug|Any CPU.ActiveCfg = Debug|Any CPU
		{FDD42281-CB13-4EFB-81A2-E651DE67EBD4}.Debug|Any CPU.Build.0 = Debug|Any CPU
		{FDD42281-CB13-4EFB-81A2-E651DE67EBD4}.Release|Any CPU.ActiveCfg = Release|Any CPU
		{FDD42281-CB13-4EFB-81A2-E651DE67EBD4}.Release|Any CPU.Build.0 = Release|Any CPU
		{15238586-7055-4F0F-83CA-4F4265C15615}.Debug|Any CPU.ActiveCfg = Debug|Any CPU
		{15238586-7055-4F0F-83CA-4F4265C15615}.Debug|Any CPU.Build.0 = Debug|Any CPU
		{15238586-7055-4F0F-83CA-4F4265C15615}.Release|Any CPU.ActiveCfg = Release|Any CPU
		{15238586-7055-4F0F-83CA-4F4265C15615}.Release|Any CPU.Build.0 = Release|Any CPU
		{A07395ED-D082-46CC-B614-656178B3EF8E}.Debug|Any CPU.ActiveCfg = Debug|Any CPU
		{A07395ED-D082-46CC-B614-656178B3EF8E}.Debug|Any CPU.Build.0 = Debug|Any CPU
		{A07395ED-D082-46CC-B614-656178B3EF8E}.Release|Any CPU.ActiveCfg = Release|Any CPU
		{A07395ED-D082-46CC-B614-656178B3EF8E}.Release|Any CPU.Build.0 = Release|Any CPU
		{2D725B75-E2D2-4AC4-8B92-75C5DBDC2E82}.Debug|Any CPU.ActiveCfg = Debug|Any CPU
		{2D725B75-E2D2-4AC4-8B92-75C5DBDC2E82}.Debug|Any CPU.Build.0 = Debug|Any CPU
		{2D725B75-E2D2-4AC4-8B92-75C5DBDC2E82}.Release|Any CPU.ActiveCfg = Release|Any CPU
		{2D725B75-E2D2-4AC4-8B92-75C5DBDC2E82}.Release|Any CPU.Build.0 = Release|Any CPU
		{FEF94722-65CA-474A-872A-975D54BD31AA}.Debug|Any CPU.ActiveCfg = Debug|Any CPU
		{FEF94722-65CA-474A-872A-975D54BD31AA}.Debug|Any CPU.Build.0 = Debug|Any CPU
		{FEF94722-65CA-474A-872A-975D54BD31AA}.Release|Any CPU.ActiveCfg = Release|Any CPU
		{FEF94722-65CA-474A-872A-975D54BD31AA}.Release|Any CPU.Build.0 = Release|Any CPU
		{AE24B4FF-9EEE-4C94-8489-2F3FE3471092}.Debug|Any CPU.ActiveCfg = Debug|Any CPU
		{AE24B4FF-9EEE-4C94-8489-2F3FE3471092}.Debug|Any CPU.Build.0 = Debug|Any CPU
		{AE24B4FF-9EEE-4C94-8489-2F3FE3471092}.Release|Any CPU.ActiveCfg = Release|Any CPU
		{AE24B4FF-9EEE-4C94-8489-2F3FE3471092}.Release|Any CPU.Build.0 = Release|Any CPU
		{F455C5BD-19BF-4D15-B53E-4C1A51B3D50A}.Debug|Any CPU.ActiveCfg = Debug|Any CPU
		{F455C5BD-19BF-4D15-B53E-4C1A51B3D50A}.Debug|Any CPU.Build.0 = Debug|Any CPU
		{F455C5BD-19BF-4D15-B53E-4C1A51B3D50A}.Release|Any CPU.ActiveCfg = Release|Any CPU
		{F455C5BD-19BF-4D15-B53E-4C1A51B3D50A}.Release|Any CPU.Build.0 = Release|Any CPU
		{52EB3A24-36F7-448B-A1CB-6FCC6ABF790A}.Debug|Any CPU.ActiveCfg = Debug|Any CPU
		{52EB3A24-36F7-448B-A1CB-6FCC6ABF790A}.Debug|Any CPU.Build.0 = Debug|Any CPU
		{52EB3A24-36F7-448B-A1CB-6FCC6ABF790A}.Release|Any CPU.ActiveCfg = Release|Any CPU
		{52EB3A24-36F7-448B-A1CB-6FCC6ABF790A}.Release|Any CPU.Build.0 = Release|Any CPU
		{31B4DD73-CCAB-492E-BA92-947EF3E70ADE}.Debug|Any CPU.ActiveCfg = Debug|Any CPU
		{31B4DD73-CCAB-492E-BA92-947EF3E70ADE}.Debug|Any CPU.Build.0 = Debug|Any CPU
		{31B4DD73-CCAB-492E-BA92-947EF3E70ADE}.Release|Any CPU.ActiveCfg = Release|Any CPU
		{31B4DD73-CCAB-492E-BA92-947EF3E70ADE}.Release|Any CPU.Build.0 = Release|Any CPU
		{6B894E7D-4EBE-4BF3-9D80-B1A948D2837F}.Debug|Any CPU.ActiveCfg = Debug|Any CPU
		{6B894E7D-4EBE-4BF3-9D80-B1A948D2837F}.Debug|Any CPU.Build.0 = Debug|Any CPU
		{6B894E7D-4EBE-4BF3-9D80-B1A948D2837F}.Release|Any CPU.ActiveCfg = Release|Any CPU
		{6B894E7D-4EBE-4BF3-9D80-B1A948D2837F}.Release|Any CPU.Build.0 = Release|Any CPU
		{A9F0FC93-2A4A-4543-9195-2322E26AB713}.Debug|Any CPU.ActiveCfg = Debug|Any CPU
		{A9F0FC93-2A4A-4543-9195-2322E26AB713}.Debug|Any CPU.Build.0 = Debug|Any CPU
		{A9F0FC93-2A4A-4543-9195-2322E26AB713}.Release|Any CPU.ActiveCfg = Release|Any CPU
		{A9F0FC93-2A4A-4543-9195-2322E26AB713}.Release|Any CPU.Build.0 = Release|Any CPU
		{D59CC749-83FF-4EEC-8DEF-C5A07C51C602}.Debug|Any CPU.ActiveCfg = Debug|Any CPU
		{D59CC749-83FF-4EEC-8DEF-C5A07C51C602}.Debug|Any CPU.Build.0 = Debug|Any CPU
		{D59CC749-83FF-4EEC-8DEF-C5A07C51C602}.Release|Any CPU.ActiveCfg = Release|Any CPU
		{D59CC749-83FF-4EEC-8DEF-C5A07C51C602}.Release|Any CPU.Build.0 = Release|Any CPU
		{5D94A06D-4DA7-4489-9909-4573202B1805}.Debug|Any CPU.ActiveCfg = Debug|Any CPU
		{5D94A06D-4DA7-4489-9909-4573202B1805}.Debug|Any CPU.Build.0 = Debug|Any CPU
		{5D94A06D-4DA7-4489-9909-4573202B1805}.Release|Any CPU.ActiveCfg = Release|Any CPU
		{5D94A06D-4DA7-4489-9909-4573202B1805}.Release|Any CPU.Build.0 = Release|Any CPU
		{43F5C9CF-77B2-4C9A-B18A-11F62027F9C7}.Debug|Any CPU.ActiveCfg = Debug|Any CPU
		{43F5C9CF-77B2-4C9A-B18A-11F62027F9C7}.Debug|Any CPU.Build.0 = Debug|Any CPU
		{43F5C9CF-77B2-4C9A-B18A-11F62027F9C7}.Release|Any CPU.ActiveCfg = Release|Any CPU
		{43F5C9CF-77B2-4C9A-B18A-11F62027F9C7}.Release|Any CPU.Build.0 = Release|Any CPU
		{9601ADEA-958A-4710-86CD-1D398A365595}.Debug|Any CPU.ActiveCfg = Debug|Any CPU
		{9601ADEA-958A-4710-86CD-1D398A365595}.Debug|Any CPU.Build.0 = Debug|Any CPU
		{9601ADEA-958A-4710-86CD-1D398A365595}.Release|Any CPU.ActiveCfg = Release|Any CPU
		{9601ADEA-958A-4710-86CD-1D398A365595}.Release|Any CPU.Build.0 = Release|Any CPU
		{4D63C0FD-0817-4AF4-8C53-D1BC035B58FC}.Debug|Any CPU.ActiveCfg = Debug|Any CPU
		{4D63C0FD-0817-4AF4-8C53-D1BC035B58FC}.Debug|Any CPU.Build.0 = Debug|Any CPU
		{4D63C0FD-0817-4AF4-8C53-D1BC035B58FC}.Release|Any CPU.ActiveCfg = Release|Any CPU
		{4D63C0FD-0817-4AF4-8C53-D1BC035B58FC}.Release|Any CPU.Build.0 = Release|Any CPU
		{1C594923-7FD9-419E-A7AA-6D3DAC8C4179}.Debug|Any CPU.ActiveCfg = Debug|Any CPU
		{1C594923-7FD9-419E-A7AA-6D3DAC8C4179}.Debug|Any CPU.Build.0 = Debug|Any CPU
		{1C594923-7FD9-419E-A7AA-6D3DAC8C4179}.Release|Any CPU.ActiveCfg = Release|Any CPU
		{1C594923-7FD9-419E-A7AA-6D3DAC8C4179}.Release|Any CPU.Build.0 = Release|Any CPU
		{80092D78-CA6E-3179-137F-F42DDC74EDDB}.Debug|Any CPU.ActiveCfg = Debug|Any CPU
		{80092D78-CA6E-3179-137F-F42DDC74EDDB}.Debug|Any CPU.Build.0 = Debug|Any CPU
		{80092D78-CA6E-3179-137F-F42DDC74EDDB}.Release|Any CPU.ActiveCfg = Release|Any CPU
		{80092D78-CA6E-3179-137F-F42DDC74EDDB}.Release|Any CPU.Build.0 = Release|Any CPU
		{43CC1575-6DD0-4DA1-004C-95CF4312A544}.Debug|Any CPU.ActiveCfg = Debug|Any CPU
		{43CC1575-6DD0-4DA1-004C-95CF4312A544}.Debug|Any CPU.Build.0 = Debug|Any CPU
		{43CC1575-6DD0-4DA1-004C-95CF4312A544}.Release|Any CPU.ActiveCfg = Release|Any CPU
		{43CC1575-6DD0-4DA1-004C-95CF4312A544}.Release|Any CPU.Build.0 = Release|Any CPU
		{CB987A51-66CE-982C-57AC-891072F9D83F}.Debug|Any CPU.ActiveCfg = Debug|Any CPU
		{CB987A51-66CE-982C-57AC-891072F9D83F}.Debug|Any CPU.Build.0 = Debug|Any CPU
		{CB987A51-66CE-982C-57AC-891072F9D83F}.Release|Any CPU.ActiveCfg = Release|Any CPU
		{CB987A51-66CE-982C-57AC-891072F9D83F}.Release|Any CPU.Build.0 = Release|Any CPU
	EndGlobalSection
	GlobalSection(SolutionProperties) = preSolution
		HideSolutionNode = FALSE
	EndGlobalSection
	GlobalSection(NestedProjects) = preSolution
		{49316AB7-9056-4BD4-9D39-8672AADA4128} = {3D73906E-1336-48AD-B5FA-34B251926611}
		{FDD42281-CB13-4EFB-81A2-E651DE67EBD4} = {2F8AA1CC-245F-4240-B392-B4B8E128E319}
		{15238586-7055-4F0F-83CA-4F4265C15615} = {2F8AA1CC-245F-4240-B392-B4B8E128E319}
		{A07395ED-D082-46CC-B614-656178B3EF8E} = {5A3373EB-AB17-4713-85EF-071F9AB50EFA}
		{2D725B75-E2D2-4AC4-8B92-75C5DBDC2E82} = {22EF0554-5D93-41BE-A54F-D331C311226C}
		{FEF94722-65CA-474A-872A-975D54BD31AA} = {22EF0554-5D93-41BE-A54F-D331C311226C}
		{AE24B4FF-9EEE-4C94-8489-2F3FE3471092} = {128D718D-1656-4F30-98A5-3764D87E87C4}
		{F455C5BD-19BF-4D15-B53E-4C1A51B3D50A} = {3D73906E-1336-48AD-B5FA-34B251926611}
		{52EB3A24-36F7-448B-A1CB-6FCC6ABF790A} = {128D718D-1656-4F30-98A5-3764D87E87C4}
		{31B4DD73-CCAB-492E-BA92-947EF3E70ADE} = {22EF0554-5D93-41BE-A54F-D331C311226C}
		{6B894E7D-4EBE-4BF3-9D80-B1A948D2837F} = {5A3373EB-AB17-4713-85EF-071F9AB50EFA}
		{A9F0FC93-2A4A-4543-9195-2322E26AB713} = {22EF0554-5D93-41BE-A54F-D331C311226C}
		{D59CC749-83FF-4EEC-8DEF-C5A07C51C602} = {5A3373EB-AB17-4713-85EF-071F9AB50EFA}
		{22EF0554-5D93-41BE-A54F-D331C311226C} = {3D73906E-1336-48AD-B5FA-34B251926611}
		{5D94A06D-4DA7-4489-9909-4573202B1805} = {128D718D-1656-4F30-98A5-3764D87E87C4}
		{43F5C9CF-77B2-4C9A-B18A-11F62027F9C7} = {22EF0554-5D93-41BE-A54F-D331C311226C}
		{9601ADEA-958A-4710-86CD-1D398A365595} = {128D718D-1656-4F30-98A5-3764D87E87C4}
		{4D63C0FD-0817-4AF4-8C53-D1BC035B58FC} = {128D718D-1656-4F30-98A5-3764D87E87C4}
		{68F873E1-6840-40B0-BB35-B8BAE408B09C} = {5A3373EB-AB17-4713-85EF-071F9AB50EFA}
		{1C594923-7FD9-419E-A7AA-6D3DAC8C4179} = {02EA681E-C7D8-13C7-8484-4AC65E1B71E8}
		{80092D78-CA6E-3179-137F-F42DDC74EDDB} = {96D252A8-3FB5-489B-9296-EB8B030C1B4F}
		{43CC1575-6DD0-4DA1-004C-95CF4312A544} = {96D252A8-3FB5-489B-9296-EB8B030C1B4F}
		{CB987A51-66CE-982C-57AC-891072F9D83F} = {22EF0554-5D93-41BE-A54F-D331C311226C}
	EndGlobalSection
	GlobalSection(ExtensibilityGlobals) = postSolution
		SolutionGuid = {AFEC477D-0D28-4C5A-9622-5F97F806819C}
	EndGlobalSection
	GlobalSection(SharedMSBuildProjectFiles) = preSolution
		Automation.Models\Automation.Models.projitems*{68f873e1-6840-40b0-bb35-b8bae408b09c}*SharedItemsImports = 13
		Automation.Models\Automation.Models.projitems*{6b894e7d-4ebe-4bf3-9d80-b1a948d2837f}*SharedItemsImports = 5
		Automation.Models\Automation.Models.projitems*{f455c5bd-19bf-4d15-b53e-4c1a51b3d50a}*SharedItemsImports = 5
	EndGlobalSection
EndGlobal
