
Microsoft Visual Studio Solution File, Format Version 12.00
# Visual Studio Version 17
VisualStudioVersion = 17.9.34723.18
MinimumVisualStudioVersion = 10.0.40219.1
Project("{9A19103F-16F7-4668-BE54-9A1E7A4F7556}") = "Automation.Supervisor", "Automation.Supervisor\Automation.Supervisor.csproj", "{FCEE7BC3-2C9E-4B10-841C-67C2FA23D75D}"
EndProject
Project("{9A19103F-16F7-4668-BE54-9A1E7A4F7556}") = "Automation.Worker", "Automation.Worker\Automation.Worker.csproj", "{89239821-24B3-4EA8-9A7F-6492A5093B45}"
EndProject
Project("{FAE04EC0-301F-11D3-BF4B-00C04F79EFBC}") = "Automation.Plugins.Base", "Automation.Plugins.Base\Automation.Plugins.Base.csproj", "{0C08E354-8562-46BD-9A53-463ACF4B221B}"
EndProject
Project("{2150E333-8FDC-42A3-9474-1A3956D46DE8}") = "Business", "Business", "{5A3373EB-AB17-4713-85EF-071F9AB50EFA}"
EndProject
Project("{2150E333-8FDC-42A3-9474-1A3956D46DE8}") = "Interface", "Interface", "{3D73906E-1336-48AD-B5FA-34B251926611}"
EndProject
Project("{FAE04EC0-301F-11D3-BF4B-00C04F79EFBC}") = "Automation.Base", "Automation.Base\Automation.Base.csproj", "{9961D91B-AFE8-453E-8BAD-5FA00A769CFA}"
EndProject
Project("{FAE04EC0-301F-11D3-BF4B-00C04F79EFBC}") = "Automation.App", "Automation.App\Automation.App.csproj", "{49316AB7-9056-4BD4-9D39-8672AADA4128}"
EndProject
Global
	GlobalSection(SolutionConfigurationPlatforms) = preSolution
		Debug|Any CPU = Debug|Any CPU
		Release|Any CPU = Release|Any CPU
	EndGlobalSection
	GlobalSection(ProjectConfigurationPlatforms) = postSolution
		{FCEE7BC3-2C9E-4B10-841C-67C2FA23D75D}.Debug|Any CPU.ActiveCfg = Debug|Any CPU
		{FCEE7BC3-2C9E-4B10-841C-67C2FA23D75D}.Debug|Any CPU.Build.0 = Debug|Any CPU
		{FCEE7BC3-2C9E-4B10-841C-67C2FA23D75D}.Release|Any CPU.ActiveCfg = Release|Any CPU
		{FCEE7BC3-2C9E-4B10-841C-67C2FA23D75D}.Release|Any CPU.Build.0 = Release|Any CPU
		{89239821-24B3-4EA8-9A7F-6492A5093B45}.Debug|Any CPU.ActiveCfg = Debug|Any CPU
		{89239821-24B3-4EA8-9A7F-6492A5093B45}.Debug|Any CPU.Build.0 = Debug|Any CPU
		{89239821-24B3-4EA8-9A7F-6492A5093B45}.Release|Any CPU.ActiveCfg = Release|Any CPU
		{89239821-24B3-4EA8-9A7F-6492A5093B45}.Release|Any CPU.Build.0 = Release|Any CPU
		{0C08E354-8562-46BD-9A53-463ACF4B221B}.Debug|Any CPU.ActiveCfg = Debug|Any CPU
		{0C08E354-8562-46BD-9A53-463ACF4B221B}.Debug|Any CPU.Build.0 = Debug|Any CPU
		{0C08E354-8562-46BD-9A53-463ACF4B221B}.Release|Any CPU.ActiveCfg = Release|Any CPU
		{0C08E354-8562-46BD-9A53-463ACF4B221B}.Release|Any CPU.Build.0 = Release|Any CPU
		{9961D91B-AFE8-453E-8BAD-5FA00A769CFA}.Debug|Any CPU.ActiveCfg = Debug|Any CPU
		{9961D91B-AFE8-453E-8BAD-5FA00A769CFA}.Debug|Any CPU.Build.0 = Debug|Any CPU
		{9961D91B-AFE8-453E-8BAD-5FA00A769CFA}.Release|Any CPU.ActiveCfg = Release|Any CPU
		{9961D91B-AFE8-453E-8BAD-5FA00A769CFA}.Release|Any CPU.Build.0 = Release|Any CPU
		{49316AB7-9056-4BD4-9D39-8672AADA4128}.Debug|Any CPU.ActiveCfg = Debug|Any CPU
		{49316AB7-9056-4BD4-9D39-8672AADA4128}.Debug|Any CPU.Build.0 = Debug|Any CPU
		{49316AB7-9056-4BD4-9D39-8672AADA4128}.Release|Any CPU.ActiveCfg = Release|Any CPU
		{49316AB7-9056-4BD4-9D39-8672AADA4128}.Release|Any CPU.Build.0 = Release|Any CPU
	EndGlobalSection
	GlobalSection(SolutionProperties) = preSolution
		HideSolutionNode = FALSE
	EndGlobalSection
	GlobalSection(NestedProjects) = preSolution
		{FCEE7BC3-2C9E-4B10-841C-67C2FA23D75D} = {5A3373EB-AB17-4713-85EF-071F9AB50EFA}
		{89239821-24B3-4EA8-9A7F-6492A5093B45} = {5A3373EB-AB17-4713-85EF-071F9AB50EFA}
		{0C08E354-8562-46BD-9A53-463ACF4B221B} = {5A3373EB-AB17-4713-85EF-071F9AB50EFA}
		{9961D91B-AFE8-453E-8BAD-5FA00A769CFA} = {5A3373EB-AB17-4713-85EF-071F9AB50EFA}
		{49316AB7-9056-4BD4-9D39-8672AADA4128} = {3D73906E-1336-48AD-B5FA-34B251926611}
	EndGlobalSection
	GlobalSection(ExtensibilityGlobals) = postSolution
		SolutionGuid = {AFEC477D-0D28-4C5A-9622-5F97F806819C}
	EndGlobalSection
EndGlobal
